
Microsoft Visual Studio Solution File, Format Version 12.00
# Visual Studio Version 17
VisualStudioVersion = 17.11.35312.102
MinimumVisualStudioVersion = 10.0.40219.1
Project("{FAE04EC0-301F-11D3-BF4B-00C04F79EFBC}") = "Server", "Server\Server.csproj", "{E50B5DE4-B26A-4612-B1A3-01E209B2085F}"
EndProject
Project("{2150E333-8FDC-42A3-9474-1A3956D46DE8}") = "Client", "Client", "{5686E13B-11A8-4EAF-AED8-AA0F253F4EEA}"
	ProjectSection(SolutionItems) = preProject
		Client\Client.js = Client\Client.js
	EndProjectSection
EndProject
Global
	GlobalSection(SolutionConfigurationPlatforms) = preSolution
		Debug|Any CPU = Debug|Any CPU
		Release|Any CPU = Release|Any CPU
	EndGlobalSection
	GlobalSection(ProjectConfigurationPlatforms) = postSolution
		{E50B5DE4-B26A-4612-B1A3-01E209B2085F}.Debug|Any CPU.ActiveCfg = Debug|Any CPU
		{E50B5DE4-B26A-4612-B1A3-01E209B2085F}.Debug|Any CPU.Build.0 = Debug|Any CPU
		{E50B5DE4-B26A-4612-B1A3-01E209B2085F}.Release|Any CPU.ActiveCfg = Release|Any CPU
		{E50B5DE4-B26A-4612-B1A3-01E209B2085F}.Release|Any CPU.Build.0 = Release|Any CPU
	EndGlobalSection
	GlobalSection(SolutionProperties) = preSolution
		HideSolutionNode = FALSE
	EndGlobalSection
	GlobalSection(ExtensibilityGlobals) = postSolution
		SolutionGuid = {D0CE25FF-8124-40F1-A25F-93905E6CA373}
	EndGlobalSection
EndGlobal
